
Microsoft Visual Studio Solution File, Format Version 12.00
# Visual Studio 2013
VisualStudioVersion = 12.0.21005.1
MinimumVisualStudioVersion = 10.0.40219.1
Project("{8BC9CEB8-8B4A-11D0-8D11-00A0C91BC942}") = "11040", "11040\11040.vcxproj", "{E824ED8C-988F-499B-9E42-AF3C3D02A59F}"
EndProject
Global
	GlobalSection(SolutionConfigurationPlatforms) = preSolution
		Debug|Win32 = Debug|Win32
		Release|Win32 = Release|Win32
	EndGlobalSection
	GlobalSection(ProjectConfigurationPlatforms) = postSolution
		{E824ED8C-988F-499B-9E42-AF3C3D02A59F}.Debug|Win32.ActiveCfg = Debug|Win32
		{E824ED8C-988F-499B-9E42-AF3C3D02A59F}.Debug|Win32.Build.0 = Debug|Win32
		{E824ED8C-988F-499B-9E42-AF3C3D02A59F}.Release|Win32.ActiveCfg = Release|Win32
		{E824ED8C-988F-499B-9E42-AF3C3D02A59F}.Release|Win32.Build.0 = Release|Win32
	EndGlobalSection
	GlobalSection(SolutionProperties) = preSolution
		HideSolutionNode = FALSE
	EndGlobalSection
EndGlobal
